{
  "originHash" : "609133b310e9c4579a1d75e9696445b51bd516493282d44ac82bc290103e37c2",
  "pins" : [
    {
      "identity" : "kmp-nativecoroutines",
      "kind" : "remoteSourceControl",
      "location" : "https://github.com/rickclephas/KMP-NativeCoroutines.git",
      "state" : {
        "revision" : "caf590ab2d260be1a9810c64cbcd9ed896330167",
        "version" : "1.0.0-ALPHA-30"
      }
    },
    {
      "identity" : "rxswift",
      "kind" : "remoteSourceControl",
      "location" : "https://github.com/ReactiveX/RxSwift.git",
      "state" : {
        "revision" : "9dcaa4b333db437b0fbfaf453fad29069044a8b4",
        "version" : "6.6.0"
      }
    }
  ],
  "version" : 3
}
